
Microsoft Visual Studio Solution File, Format Version 12.00
# Visual Studio 15
VisualStudioVersion = 15.0.26124.0
MinimumVisualStudioVersion = 15.0.26124.0
Project("{2150E333-8FDC-42A3-9474-1A3956D46DE8}") = "src", "src", "{E14BE204-2B1A-4F69-A3BA-A27539ED5443}"
EndProject
Project("{9A19103F-16F7-4668-BE54-9A1E7A4F7556}") = "ApplicationCore", "src\ApplicationCore\ApplicationCore.csproj", "{290478B2-C6F5-4567-8FF6-C02E2B42EC1A}"
EndProject
Project("{9A19103F-16F7-4668-BE54-9A1E7A4F7556}") = "Infrastructure", "src\Infrastructure\Infrastructure.csproj", "{91849E39-C730-4E3F-9641-ECDCA580F915}"
EndProject
Project("{9A19103F-16F7-4668-BE54-9A1E7A4F7556}") = "Web", "src\Web\Web.csproj", "{A92632D4-A73A-4D16-BAC0-792E556AA1C8}"
EndProject
Project("{2150E333-8FDC-42A3-9474-1A3956D46DE8}") = "tests", "tests", "{77659122-342B-4B25-BB07-A2DC968F0256}"
EndProject
Project("{9A19103F-16F7-4668-BE54-9A1E7A4F7556}") = "ApplicationCore.Tests", "tests\ApplicationCore.Tests\ApplicationCore.Tests.csproj", "{D7793A24-2CE7-421F-A00B-7C15B835E24F}"
EndProject
Global
	GlobalSection(SolutionConfigurationPlatforms) = preSolution
		Debug|Any CPU = Debug|Any CPU
		Debug|x64 = Debug|x64
		Debug|x86 = Debug|x86
		Release|Any CPU = Release|Any CPU
		Release|x64 = Release|x64
		Release|x86 = Release|x86
	EndGlobalSection
	GlobalSection(ProjectConfigurationPlatforms) = postSolution
		{290478B2-C6F5-4567-8FF6-C02E2B42EC1A}.Debug|Any CPU.ActiveCfg = Debug|Any CPU
		{290478B2-C6F5-4567-8FF6-C02E2B42EC1A}.Debug|Any CPU.Build.0 = Debug|Any CPU
		{290478B2-C6F5-4567-8FF6-C02E2B42EC1A}.Debug|x64.ActiveCfg = Debug|Any CPU
		{290478B2-C6F5-4567-8FF6-C02E2B42EC1A}.Debug|x64.Build.0 = Debug|Any CPU
		{290478B2-C6F5-4567-8FF6-C02E2B42EC1A}.Debug|x86.ActiveCfg = Debug|Any CPU
		{290478B2-C6F5-4567-8FF6-C02E2B42EC1A}.Debug|x86.Build.0 = Debug|Any CPU
		{290478B2-C6F5-4567-8FF6-C02E2B42EC1A}.Release|Any CPU.ActiveCfg = Release|Any CPU
		{290478B2-C6F5-4567-8FF6-C02E2B42EC1A}.Release|Any CPU.Build.0 = Release|Any CPU
		{290478B2-C6F5-4567-8FF6-C02E2B42EC1A}.Release|x64.ActiveCfg = Release|Any CPU
		{290478B2-C6F5-4567-8FF6-C02E2B42EC1A}.Release|x64.Build.0 = Release|Any CPU
		{290478B2-C6F5-4567-8FF6-C02E2B42EC1A}.Release|x86.ActiveCfg = Release|Any CPU
		{290478B2-C6F5-4567-8FF6-C02E2B42EC1A}.Release|x86.Build.0 = Release|Any CPU
		{91849E39-C730-4E3F-9641-ECDCA580F915}.Debug|Any CPU.ActiveCfg = Debug|Any CPU
		{91849E39-C730-4E3F-9641-ECDCA580F915}.Debug|Any CPU.Build.0 = Debug|Any CPU
		{91849E39-C730-4E3F-9641-ECDCA580F915}.Debug|x64.ActiveCfg = Debug|Any CPU
		{91849E39-C730-4E3F-9641-ECDCA580F915}.Debug|x64.Build.0 = Debug|Any CPU
		{91849E39-C730-4E3F-9641-ECDCA580F915}.Debug|x86.ActiveCfg = Debug|Any CPU
		{91849E39-C730-4E3F-9641-ECDCA580F915}.Debug|x86.Build.0 = Debug|Any CPU
		{91849E39-C730-4E3F-9641-ECDCA580F915}.Release|Any CPU.ActiveCfg = Release|Any CPU
		{91849E39-C730-4E3F-9641-ECDCA580F915}.Release|Any CPU.Build.0 = Release|Any CPU
		{91849E39-C730-4E3F-9641-ECDCA580F915}.Release|x64.ActiveCfg = Release|Any CPU
		{91849E39-C730-4E3F-9641-ECDCA580F915}.Release|x64.Build.0 = Release|Any CPU
		{91849E39-C730-4E3F-9641-ECDCA580F915}.Release|x86.ActiveCfg = Release|Any CPU
		{91849E39-C730-4E3F-9641-ECDCA580F915}.Release|x86.Build.0 = Release|Any CPU
		{A92632D4-A73A-4D16-BAC0-792E556AA1C8}.Debug|Any CPU.ActiveCfg = Debug|Any CPU
		{A92632D4-A73A-4D16-BAC0-792E556AA1C8}.Debug|Any CPU.Build.0 = Debug|Any CPU
		{A92632D4-A73A-4D16-BAC0-792E556AA1C8}.Debug|x64.ActiveCfg = Debug|Any CPU
		{A92632D4-A73A-4D16-BAC0-792E556AA1C8}.Debug|x64.Build.0 = Debug|Any CPU
		{A92632D4-A73A-4D16-BAC0-792E556AA1C8}.Debug|x86.ActiveCfg = Debug|Any CPU
		{A92632D4-A73A-4D16-BAC0-792E556AA1C8}.Debug|x86.Build.0 = Debug|Any CPU
		{A92632D4-A73A-4D16-BAC0-792E556AA1C8}.Release|Any CPU.ActiveCfg = Release|Any CPU
		{A92632D4-A73A-4D16-BAC0-792E556AA1C8}.Release|Any CPU.Build.0 = Release|Any CPU
		{A92632D4-A73A-4D16-BAC0-792E556AA1C8}.Release|x64.ActiveCfg = Release|Any CPU
		{A92632D4-A73A-4D16-BAC0-792E556AA1C8}.Release|x64.Build.0 = Release|Any CPU
		{A92632D4-A73A-4D16-BAC0-792E556AA1C8}.Release|x86.ActiveCfg = Release|Any CPU
		{A92632D4-A73A-4D16-BAC0-792E556AA1C8}.Release|x86.Build.0 = Release|Any CPU
		{D7793A24-2CE7-421F-A00B-7C15B835E24F}.Debug|Any CPU.ActiveCfg = Debug|Any CPU
		{D7793A24-2CE7-421F-A00B-7C15B835E24F}.Debug|Any CPU.Build.0 = Debug|Any CPU
		{D7793A24-2CE7-421F-A00B-7C15B835E24F}.Debug|x64.ActiveCfg = Debug|Any CPU
		{D7793A24-2CE7-421F-A00B-7C15B835E24F}.Debug|x64.Build.0 = Debug|Any CPU
		{D7793A24-2CE7-421F-A00B-7C15B835E24F}.Debug|x86.ActiveCfg = Debug|Any CPU
		{D7793A24-2CE7-421F-A00B-7C15B835E24F}.Debug|x86.Build.0 = Debug|Any CPU
		{D7793A24-2CE7-421F-A00B-7C15B835E24F}.Release|Any CPU.ActiveCfg = Release|Any CPU
		{D7793A24-2CE7-421F-A00B-7C15B835E24F}.Release|Any CPU.Build.0 = Release|Any CPU
		{D7793A24-2CE7-421F-A00B-7C15B835E24F}.Release|x64.ActiveCfg = Release|Any CPU
		{D7793A24-2CE7-421F-A00B-7C15B835E24F}.Release|x64.Build.0 = Release|Any CPU
		{D7793A24-2CE7-421F-A00B-7C15B835E24F}.Release|x86.ActiveCfg = Release|Any CPU
		{D7793A24-2CE7-421F-A00B-7C15B835E24F}.Release|x86.Build.0 = Release|Any CPU
	EndGlobalSection
	GlobalSection(SolutionProperties) = preSolution
		HideSolutionNode = FALSE
	EndGlobalSection
	GlobalSection(NestedProjects) = preSolution
		{290478B2-C6F5-4567-8FF6-C02E2B42EC1A} = {E14BE204-2B1A-4F69-A3BA-A27539ED5443}
		{91849E39-C730-4E3F-9641-ECDCA580F915} = {E14BE204-2B1A-4F69-A3BA-A27539ED5443}
		{A92632D4-A73A-4D16-BAC0-792E556AA1C8} = {E14BE204-2B1A-4F69-A3BA-A27539ED5443}
		{D7793A24-2CE7-421F-A00B-7C15B835E24F} = {77659122-342B-4B25-BB07-A2DC968F0256}
	EndGlobalSection
	GlobalSection(ExtensibilityGlobals) = postSolution
		SolutionGuid = {B9B9185D-0CB3-4F0A-A683-F67C50FB4167}
	EndGlobalSection
EndGlobal
